{
  "version": 4,
  "terraform_version": "1.9.2",
  "serial": 17,
  "lineage": "76d9bdca-d0e8-e38d-7afa-6196d25f2e97",
  "outputs": {
    "cluster_id": {
      "value": "princewill_proj-cluster",
      "type": "string"
    },
    "node_group_id": {
      "value": "princewill_proj-cluster:princewill_proj-node-group",
      "type": "string"
    },
    "subnet_ids": {
      "value": [
        "subnet-0d1d17653ad66b46f",
        "subnet-0f1d3720d72e0bec3"
      ],
      "type": [
        "tuple",
        [
          "string",
          "string"
        ]
      ]
    },
    "vpc_id": {
      "value": "vpc-05a596b408f602957",
      "type": "string"
    }
  },
  "resources": [
    {
      "mode": "managed",
      "type": "aws_eks_cluster",
      "name": "princewill_proj",
      "provider": "provider[\"registry.terraform.io/hashicorp/aws\"]",
      "instances": [
        {
          "schema_version": 1,
          "attributes": {
            "access_config": [
              {
                "authentication_mode": "CONFIG_MAP",
                "bootstrap_cluster_creator_admin_permissions": true
              }
            ],
            "arn": "arn:aws:eks:eu-north-1:456555753493:cluster/princewill_proj-cluster",
            "bootstrap_self_managed_addons": true,
            "certificate_authority": [
              {
                "data": "LS0tLS1CRUdJTiBDRVJUSUZJQ0FURS0tLS0tCk1JSURCVENDQWUyZ0F3SUJBZ0lJRlpTWUVyZ2xwVGN3RFFZSktvWklodmNOQVFFTEJRQXdGVEVUTUJFR0ExVUUKQXhNS2EzVmlaWEp1WlhSbGN6QWVGdzB5TkRBNU1Ea3hNRE0wTXpWYUZ3MHpOREE1TURjeE1ETTVNelZhTUJVeApFekFSQmdOVkJBTVRDbXQxWW1WeWJtVjBaWE13Z2dFaU1BMEdDU3FHU0liM0RRRUJBUVVBQTRJQkR3QXdnZ0VLCkFvSUJBUURNYmdLeDZzdjlteC9VRXAyZW1IendaTXpGYllMTnpnZnBqaXFFRU9Pdm5YZHRyT2tTT1IxTm95K0wKNCthR1FheEkzMkp1dy9lc0JBUlZqcE1kdjF2b1ZLRXJNZ1MramRVS21uUmdqUjNiUzNNbUphRXU1SWF1RUYxQgo3Z3JNZ0srNmJna1ZOeWsxdmZlcG9Jclk3ZW43TDBubTJHNUptd2N3a24yMm9VWGsrNm9SYzBIeGJRVkdGZVBICm9xSkVPZXpua0hWNHNVVHpDRlZOOG1IRDU5blJpQUJJdFhvdW1JYnVERXdiU2M0anNzZklOSnhTV0NjWGhyTWwKNjVhK25OT1BEVzI1WXMzZTRJaVBiQ2VOVWVEUGlpaU15OXRVMDRFTFNvallYZFV3RGd3N0ZJaU55QTJ6U3YxMgpJaFE1bllmV2pQalNPTGdkS2hwR3VmT0U2d1BWQWdNQkFBR2pXVEJYTUE0R0ExVWREd0VCL3dRRUF3SUNwREFQCkJnTlZIUk1CQWY4RUJUQURBUUgvTUIwR0ExVWREZ1FXQkJUQmR1ZzV3a1dQYjFuaGhPZFZPZTUzSUk5SWl6QVYKQmdOVkhSRUVEakFNZ2dwcmRXSmxjbTVsZEdWek1BMEdDU3FHU0liM0RRRUJDd1VBQTRJQkFRREpJZ1pEano2Zwo5ZkdtejMvN0V2NmFMbUhzUk1uU2FMRHhYbUZQRXVBU2I5S1ptblFuYzFiaFB0R1FVdEUwbG56WXFJdVRRK2srClhjZGxIaHc0SURtUzlhaGVvVXNvNHdURHIxVDNMbU9KNWxiZjUxK1VOdUpUL2ZCZ0tlakdPYkxWNmFxekpWQWkKclZFSzNNYjJoRkJ0ZE41UVBqb1dKREdNU2s0b1Y0VFRGK24rUTVoRHRpa3ZVMDBrWGV6dS9yVmttN0NDWUpaUwpVNkpNZXR4Rk55b2ZSTnoxUlArUGRKYUdpbWRQUDFyUEw5ZlJJdG9SS1g5Ym5kcmtDZFd2MHJNdk0rODNQbjFrCmE4RW03eXhYOWpQeGo2aXd5WVlPTEJWSWhWekZNVkV6VkRUWDhlYU9GMFV3aXdiOVFnSGJPYWNOd2ZnR3Q0NzMKSEEvT0pUQ2U0eUF1Ci0tLS0tRU5EIENFUlRJRklDQVRFLS0tLS0K"
              }
            ],
            "cluster_id": null,
            "created_at": "2024-09-09 10:34:57.229 +0000 UTC",
            "enabled_cluster_log_types": null,
            "encryption_config": [],
            "endpoint": "https://45CC2D9161D68FCF94CD8F626275B1B3.gr7.eu-north-1.eks.amazonaws.com",
            "id": "princewill_proj-cluster",
            "identity": [
              {
                "oidc": [
                  {
                    "issuer": "https://oidc.eks.eu-north-1.amazonaws.com/id/45CC2D9161D68FCF94CD8F626275B1B3"
                  }
                ]
              }
            ],
            "kubernetes_network_config": [
              {
                "ip_family": "ipv4",
                "service_ipv4_cidr": "172.20.0.0/16",
                "service_ipv6_cidr": ""
              }
            ],
            "name": "princewill_proj-cluster",
            "outpost_config": [],
            "platform_version": "eks.8",
            "role_arn": "arn:aws:iam::456555753493:role/princewill_proj-cluster-role",
            "status": "ACTIVE",
            "tags": null,
            "tags_all": {},
            "timeouts": null,
            "upgrade_policy": [
              {
                "support_type": "EXTENDED"
              }
            ],
            "version": "1.30",
            "vpc_config": [
              {
                "cluster_security_group_id": "sg-087914aa437e8803c",
                "endpoint_private_access": false,
                "endpoint_public_access": true,
                "public_access_cidrs": [
                  "0.0.0.0/0"
                ],
                "security_group_ids": [
                  "sg-02af630c7a57a9a91"
                ],
                "subnet_ids": [
                  "subnet-0d1d17653ad66b46f",
                  "subnet-0f1d3720d72e0bec3"
                ],
                "vpc_id": "vpc-05a596b408f602957"
              }
            ]
          },
          "sensitive_attributes": [],
          "private": "eyJlMmJmYjczMC1lY2FhLTExZTYtOGY4OC0zNDM2M2JjN2M0YzAiOnsiY3JlYXRlIjoxODAwMDAwMDAwMDAwLCJkZWxldGUiOjkwMDAwMDAwMDAwMCwidXBkYXRlIjozNjAwMDAwMDAwMDAwfSwic2NoZW1hX3ZlcnNpb24iOiIxIn0=",
          "dependencies": [
            "aws_iam_role.princewill_proj_cluster_role",
            "aws_security_group.princewill_proj_cluster_sg",
            "aws_subnet.princewill_proj_subnet",
            "aws_vpc.princewill_proj_vpc"
          ]
        }
      ]
    },
    {
      "mode": "managed",
      "type": "aws_eks_node_group",
      "name": "princewill_proj",
      "provider": "provider[\"registry.terraform.io/hashicorp/aws\"]",
      "instances": [
        {
          "schema_version": 0,
          "attributes": {
            "ami_type": "AL2023_x86_64_STANDARD",
            "arn": "arn:aws:eks:eu-north-1:456555753493:nodegroup/princewill_proj-cluster/princewill_proj-node-group/c8c8eb30-1031-4599-8274-15e0820b05d0",
            "capacity_type": "ON_DEMAND",
            "cluster_name": "princewill_proj-cluster",
            "disk_size": 20,
            "force_update_version": null,
            "id": "princewill_proj-cluster:princewill_proj-node-group",
            "instance_types": [
              "t3.large"
            ],
            "labels": null,
            "launch_template": [],
            "node_group_name": "princewill_proj-node-group",
            "node_group_name_prefix": "",
            "node_role_arn": "arn:aws:iam::456555753493:role/princewill_proj-node-group-role",
            "release_version": "1.30.2-20240904",
            "remote_access": [
              {
                "ec2_ssh_key": "Prince-Affy-Main-SSHKEY",
                "source_security_group_ids": [
                  "sg-0a6453787f51e016d"
                ]
              }
            ],
            "resources": [
              {
                "autoscaling_groups": [
                  {
                    "name": "eks-princewill_proj-node-group-c8c8eb30-1031-4599-8274-15e0820b05d0"
                  }
                ],
                "remote_access_security_group_id": "sg-000a3f7a1cadfee68"
              }
            ],
            "scaling_config": [
              {
                "desired_size": 3,
                "max_size": 3,
                "min_size": 3
              }
            ],
            "status": "ACTIVE",
            "subnet_ids": [
              "subnet-0d1d17653ad66b46f",
              "subnet-0f1d3720d72e0bec3"
            ],
            "tags": null,
            "tags_all": {},
            "taint": [],
            "timeouts": null,
            "update_config": [
              {
                "max_unavailable": 1,
                "max_unavailable_percentage": 0
              }
            ],
            "version": "1.30"
          },
          "sensitive_attributes": [],
          "private": "eyJlMmJmYjczMC1lY2FhLTExZTYtOGY4OC0zNDM2M2JjN2M0YzAiOnsiY3JlYXRlIjozNjAwMDAwMDAwMDAwLCJkZWxldGUiOjM2MDAwMDAwMDAwMDAsInVwZGF0ZSI6MzYwMDAwMDAwMDAwMH19",
          "dependencies": [
            "aws_eks_cluster.princewill_proj",
            "aws_iam_role.princewill_proj_cluster_role",
            "aws_iam_role.princewill_proj_node_group_role",
            "aws_security_group.princewill_proj_cluster_sg",
            "aws_security_group.princewill_proj_node_sg",
            "aws_subnet.princewill_proj_subnet",
            "aws_vpc.princewill_proj_vpc"
          ]
        }
      ]
    },
    {
      "mode": "managed",
      "type": "aws_iam_role",
      "name": "princewill_proj_cluster_role",
      "provider": "provider[\"registry.terraform.io/hashicorp/aws\"]",
      "instances": [
        {
          "schema_version": 0,
          "attributes": {
            "arn": "arn:aws:iam::456555753493:role/princewill_proj-cluster-role",
            "assume_role_policy": "{\"Statement\":[{\"Action\":\"sts:AssumeRole\",\"Effect\":\"Allow\",\"Principal\":{\"Service\":\"eks.amazonaws.com\"}}],\"Version\":\"2012-10-17\"}",
            "create_date": "2024-09-09T10:34:33Z",
            "description": "",
            "force_detach_policies": false,
            "id": "princewill_proj-cluster-role",
            "inline_policy": [],
            "managed_policy_arns": [],
            "max_session_duration": 3600,
            "name": "princewill_proj-cluster-role",
            "name_prefix": "",
            "path": "/",
            "permissions_boundary": "",
            "tags": null,
            "tags_all": {},
            "unique_id": "AROAWUTGX6AKY7VHRALVL"
          },
          "sensitive_attributes": [],
          "private": "bnVsbA=="
        }
      ]
    },
    {
      "mode": "managed",
      "type": "aws_iam_role",
      "name": "princewill_proj_node_group_role",
      "provider": "provider[\"registry.terraform.io/hashicorp/aws\"]",
      "instances": [
        {
          "schema_version": 0,
          "attributes": {
            "arn": "arn:aws:iam::456555753493:role/princewill_proj-node-group-role",
            "assume_role_policy": "{\"Statement\":[{\"Action\":\"sts:AssumeRole\",\"Effect\":\"Allow\",\"Principal\":{\"Service\":\"ec2.amazonaws.com\"}}],\"Version\":\"2012-10-17\"}",
            "create_date": "2024-09-09T10:34:33Z",
            "description": "",
            "force_detach_policies": false,
            "id": "princewill_proj-node-group-role",
            "inline_policy": [],
            "managed_policy_arns": [],
            "max_session_duration": 3600,
            "name": "princewill_proj-node-group-role",
            "name_prefix": "",
            "path": "/",
            "permissions_boundary": "",
            "tags": null,
            "tags_all": {},
            "unique_id": "AROAWUTGX6AKRQ3DME64M"
          },
          "sensitive_attributes": [],
          "private": "bnVsbA=="
        }
      ]
    },
    {
      "mode": "managed",
      "type": "aws_iam_role_policy_attachment",
      "name": "princewill_proj_cluster_role_policy",
      "provider": "provider[\"registry.terraform.io/hashicorp/aws\"]",
      "instances": [
        {
          "schema_version": 0,
          "attributes": {
            "id": "princewill_proj-cluster-role-20240909103436933200000002",
            "policy_arn": "arn:aws:iam::aws:policy/AmazonEKSClusterPolicy",
            "role": "princewill_proj-cluster-role"
          },
          "sensitive_attributes": [],
          "private": "bnVsbA==",
          "dependencies": [
            "aws_iam_role.princewill_proj_cluster_role"
          ]
        }
      ]
    },
    {
      "mode": "managed",
      "type": "aws_iam_role_policy_attachment",
      "name": "princewill_proj_node_group_cni_policy",
      "provider": "provider[\"registry.terraform.io/hashicorp/aws\"]",
      "instances": [
        {
          "schema_version": 0,
          "attributes": {
            "id": "princewill_proj-node-group-role-20240909103437293600000004",
            "policy_arn": "arn:aws:iam::aws:policy/AmazonEKS_CNI_Policy",
            "role": "princewill_proj-node-group-role"
          },
          "sensitive_attributes": [],
          "private": "bnVsbA==",
          "dependencies": [
            "aws_iam_role.princewill_proj_node_group_role"
          ]
        }
      ]
    },
    {
      "mode": "managed",
      "type": "aws_iam_role_policy_attachment",
      "name": "princewill_proj_node_group_registry_policy",
      "provider": "provider[\"registry.terraform.io/hashicorp/aws\"]",
      "instances": [
        {
          "schema_version": 0,
          "attributes": {
            "id": "princewill_proj-node-group-role-20240909103436900500000001",
            "policy_arn": "arn:aws:iam::aws:policy/AmazonEC2ContainerRegistryReadOnly",
            "role": "princewill_proj-node-group-role"
          },
          "sensitive_attributes": [],
          "private": "bnVsbA==",
          "dependencies": [
            "aws_iam_role.princewill_proj_node_group_role"
          ]
        }
      ]
    },
    {
      "mode": "managed",
      "type": "aws_iam_role_policy_attachment",
      "name": "princewill_proj_node_group_role_policy",
      "provider": "provider[\"registry.terraform.io/hashicorp/aws\"]",
      "instances": [
        {
          "schema_version": 0,
          "attributes": {
            "id": "princewill_proj-node-group-role-20240909103437290600000003",
            "policy_arn": "arn:aws:iam::aws:policy/AmazonEKSWorkerNodePolicy",
            "role": "princewill_proj-node-group-role"
          },
          "sensitive_attributes": [],
          "private": "bnVsbA==",
          "dependencies": [
            "aws_iam_role.princewill_proj_node_group_role"
          ]
        }
      ]
    },
    {
      "mode": "managed",
      "type": "aws_internet_gateway",
      "name": "princewill_proj_igw",
      "provider": "provider[\"registry.terraform.io/hashicorp/aws\"]",
      "instances": [
        {
          "schema_version": 0,
          "attributes": {
            "arn": "arn:aws:ec2:eu-north-1:456555753493:internet-gateway/igw-06186d3f650ce4f8e",
            "id": "igw-06186d3f650ce4f8e",
            "owner_id": "456555753493",
            "tags": {
              "Name": "princewill_proj-igw"
            },
            "tags_all": {
              "Name": "princewill_proj-igw"
            },
            "timeouts": null,
            "vpc_id": "vpc-05a596b408f602957"
          },
          "sensitive_attributes": [],
          "private": "eyJlMmJmYjczMC1lY2FhLTExZTYtOGY4OC0zNDM2M2JjN2M0YzAiOnsiY3JlYXRlIjoxMjAwMDAwMDAwMDAwLCJkZWxldGUiOjEyMDAwMDAwMDAwMDAsInVwZGF0ZSI6MTIwMDAwMDAwMDAwMH19",
          "dependencies": [
            "aws_vpc.princewill_proj_vpc"
          ]
        }
      ]
    },
    {
      "mode": "managed",
      "type": "aws_route_table",
      "name": "princewill_proj_route_table",
      "provider": "provider[\"registry.terraform.io/hashicorp/aws\"]",
      "instances": [
        {
          "schema_version": 0,
          "attributes": {
            "arn": "arn:aws:ec2:eu-north-1:456555753493:route-table/rtb-068b9e9c4321394a2",
            "id": "rtb-068b9e9c4321394a2",
            "owner_id": "456555753493",
            "propagating_vgws": [],
            "route": [
              {
                "carrier_gateway_id": "",
                "cidr_block": "0.0.0.0/0",
                "core_network_arn": "",
                "destination_prefix_list_id": "",
                "egress_only_gateway_id": "",
                "gateway_id": "igw-06186d3f650ce4f8e",
                "ipv6_cidr_block": "",
                "local_gateway_id": "",
                "nat_gateway_id": "",
                "network_interface_id": "",
                "transit_gateway_id": "",
                "vpc_endpoint_id": "",
                "vpc_peering_connection_id": ""
              }
            ],
            "tags": {
              "Name": "princewill_proj-route-table"
            },
            "tags_all": {
              "Name": "princewill_proj-route-table"
            },
            "timeouts": null,
            "vpc_id": "vpc-05a596b408f602957"
          },
          "sensitive_attributes": [],
          "private": "eyJlMmJmYjczMC1lY2FhLTExZTYtOGY4OC0zNDM2M2JjN2M0YzAiOnsiY3JlYXRlIjozMDAwMDAwMDAwMDAsImRlbGV0ZSI6MzAwMDAwMDAwMDAwLCJ1cGRhdGUiOjEyMDAwMDAwMDAwMH19",
          "dependencies": [
            "aws_internet_gateway.princewill_proj_igw",
            "aws_vpc.princewill_proj_vpc"
          ]
        }
      ]
    },
    {
      "mode": "managed",
      "type": "aws_route_table_association",
      "name": "a",
      "provider": "provider[\"registry.terraform.io/hashicorp/aws\"]",
      "instances": [
        {
          "index_key": 0,
          "schema_version": 0,
          "attributes": {
            "gateway_id": "",
            "id": "rtbassoc-035ea7f61f8a5aa79",
            "route_table_id": "rtb-068b9e9c4321394a2",
            "subnet_id": "subnet-0d1d17653ad66b46f",
            "timeouts": null
          },
          "sensitive_attributes": [],
          "private": "eyJlMmJmYjczMC1lY2FhLTExZTYtOGY4OC0zNDM2M2JjN2M0YzAiOnsiY3JlYXRlIjozMDAwMDAwMDAwMDAsImRlbGV0ZSI6MzAwMDAwMDAwMDAwLCJ1cGRhdGUiOjEyMDAwMDAwMDAwMH19",
          "dependencies": [
            "aws_internet_gateway.princewill_proj_igw",
            "aws_route_table.princewill_proj_route_table",
            "aws_subnet.princewill_proj_subnet",
            "aws_vpc.princewill_proj_vpc"
          ]
        },
        {
          "index_key": 1,
          "schema_version": 0,
          "attributes": {
            "gateway_id": "",
            "id": "rtbassoc-0d79dd14765e0162e",
            "route_table_id": "rtb-068b9e9c4321394a2",
            "subnet_id": "subnet-0f1d3720d72e0bec3",
            "timeouts": null
          },
          "sensitive_attributes": [],
          "private": "eyJlMmJmYjczMC1lY2FhLTExZTYtOGY4OC0zNDM2M2JjN2M0YzAiOnsiY3JlYXRlIjozMDAwMDAwMDAwMDAsImRlbGV0ZSI6MzAwMDAwMDAwMDAwLCJ1cGRhdGUiOjEyMDAwMDAwMDAwMH19",
          "dependencies": [
            "aws_internet_gateway.princewill_proj_igw",
            "aws_route_table.princewill_proj_route_table",
            "aws_subnet.princewill_proj_subnet",
            "aws_vpc.princewill_proj_vpc"
          ]
        }
      ]
    },
    {
      "mode": "managed",
      "type": "aws_security_group",
      "name": "princewill_proj_cluster_sg",
      "provider": "provider[\"registry.terraform.io/hashicorp/aws\"]",
      "instances": [
        {
          "schema_version": 1,
          "attributes": {
            "arn": "arn:aws:ec2:eu-north-1:456555753493:security-group/sg-02af630c7a57a9a91",
            "description": "Managed by Terraform",
            "egress": [
              {
                "cidr_blocks": [
                  "0.0.0.0/0"
                ],
                "description": "",
                "from_port": 0,
                "ipv6_cidr_blocks": [],
                "prefix_list_ids": [],
                "protocol": "-1",
                "security_groups": [],
                "self": false,
                "to_port": 0
              }
            ],
            "id": "sg-02af630c7a57a9a91",
            "ingress": [],
            "name": "terraform-20240909103439495700000005",
            "name_prefix": "terraform-",
            "owner_id": "456555753493",
            "revoke_rules_on_delete": false,
            "tags": {
              "Name": "princewill_proj-cluster-sg"
            },
            "tags_all": {
              "Name": "princewill_proj-cluster-sg"
            },
            "timeouts": null,
            "vpc_id": "vpc-05a596b408f602957"
          },
          "sensitive_attributes": [],
          "private": "eyJlMmJmYjczMC1lY2FhLTExZTYtOGY4OC0zNDM2M2JjN2M0YzAiOnsiY3JlYXRlIjo2MDAwMDAwMDAwMDAsImRlbGV0ZSI6OTAwMDAwMDAwMDAwfSwic2NoZW1hX3ZlcnNpb24iOiIxIn0=",
          "dependencies": [
            "aws_vpc.princewill_proj_vpc"
          ]
        }
      ]
    },
    {
      "mode": "managed",
      "type": "aws_security_group",
      "name": "princewill_proj_node_sg",
      "provider": "provider[\"registry.terraform.io/hashicorp/aws\"]",
      "instances": [
        {
          "schema_version": 1,
          "attributes": {
            "arn": "arn:aws:ec2:eu-north-1:456555753493:security-group/sg-0a6453787f51e016d",
            "description": "Managed by Terraform",
            "egress": [
              {
                "cidr_blocks": [
                  "0.0.0.0/0"
                ],
                "description": "",
                "from_port": 0,
                "ipv6_cidr_blocks": [],
                "prefix_list_ids": [],
                "protocol": "-1",
                "security_groups": [],
                "self": false,
                "to_port": 0
              }
            ],
            "id": "sg-0a6453787f51e016d",
            "ingress": [
              {
                "cidr_blocks": [
                  "0.0.0.0/0"
                ],
                "description": "",
                "from_port": 0,
                "ipv6_cidr_blocks": [],
                "prefix_list_ids": [],
                "protocol": "-1",
                "security_groups": [],
                "self": false,
                "to_port": 0
              }
            ],
            "name": "terraform-20240909103439568600000006",
            "name_prefix": "terraform-",
            "owner_id": "456555753493",
            "revoke_rules_on_delete": false,
            "tags": {
              "Name": "princewill_proj-node-sg"
            },
            "tags_all": {
              "Name": "princewill_proj-node-sg"
            },
            "timeouts": null,
            "vpc_id": "vpc-05a596b408f602957"
          },
          "sensitive_attributes": [],
          "private": "eyJlMmJmYjczMC1lY2FhLTExZTYtOGY4OC0zNDM2M2JjN2M0YzAiOnsiY3JlYXRlIjo2MDAwMDAwMDAwMDAsImRlbGV0ZSI6OTAwMDAwMDAwMDAwfSwic2NoZW1hX3ZlcnNpb24iOiIxIn0=",
          "dependencies": [
            "aws_vpc.princewill_proj_vpc"
          ]
        }
      ]
    },
    {
      "mode": "managed",
      "type": "aws_subnet",
      "name": "princewill_proj_subnet",
      "provider": "provider[\"registry.terraform.io/hashicorp/aws\"]",
      "instances": [
        {
          "index_key": 0,
          "schema_version": 1,
          "attributes": {
            "arn": "arn:aws:ec2:eu-north-1:456555753493:subnet/subnet-0d1d17653ad66b46f",
            "assign_ipv6_address_on_creation": false,
            "availability_zone": "eu-north-1a",
            "availability_zone_id": "eun1-az1",
            "cidr_block": "10.0.0.0/24",
            "customer_owned_ipv4_pool": "",
            "enable_dns64": false,
            "enable_lni_at_device_index": 0,
            "enable_resource_name_dns_a_record_on_launch": false,
            "enable_resource_name_dns_aaaa_record_on_launch": false,
            "id": "subnet-0d1d17653ad66b46f",
            "ipv6_cidr_block": "",
            "ipv6_cidr_block_association_id": "",
            "ipv6_native": false,
            "map_customer_owned_ip_on_launch": false,
            "map_public_ip_on_launch": true,
            "outpost_arn": "",
            "owner_id": "456555753493",
            "private_dns_hostname_type_on_launch": "ip-name",
            "tags": {
              "Name": "princewill_proj-subnet-0"
            },
            "tags_all": {
              "Name": "princewill_proj-subnet-0"
            },
            "timeouts": null,
            "vpc_id": "vpc-05a596b408f602957"
          },
          "sensitive_attributes": [],
          "private": "eyJlMmJmYjczMC1lY2FhLTExZTYtOGY4OC0zNDM2M2JjN2M0YzAiOnsiY3JlYXRlIjo2MDAwMDAwMDAwMDAsImRlbGV0ZSI6MTIwMDAwMDAwMDAwMH0sInNjaGVtYV92ZXJzaW9uIjoiMSJ9",
          "dependencies": [
            "aws_vpc.princewill_proj_vpc"
          ]
        },
        {
          "index_key": 1,
          "schema_version": 1,
          "attributes": {
            "arn": "arn:aws:ec2:eu-north-1:456555753493:subnet/subnet-0f1d3720d72e0bec3",
            "assign_ipv6_address_on_creation": false,
            "availability_zone": "eu-north-1b",
            "availability_zone_id": "eun1-az2",
            "cidr_block": "10.0.1.0/24",
            "customer_owned_ipv4_pool": "",
            "enable_dns64": false,
            "enable_lni_at_device_index": 0,
            "enable_resource_name_dns_a_record_on_launch": false,
            "enable_resource_name_dns_aaaa_record_on_launch": false,
            "id": "subnet-0f1d3720d72e0bec3",
            "ipv6_cidr_block": "",
            "ipv6_cidr_block_association_id": "",
            "ipv6_native": false,
            "map_customer_owned_ip_on_launch": false,
            "map_public_ip_on_launch": true,
            "outpost_arn": "",
            "owner_id": "456555753493",
            "private_dns_hostname_type_on_launch": "ip-name",
            "tags": {
              "Name": "princewill_proj-subnet-1"
            },
            "tags_all": {
              "Name": "princewill_proj-subnet-1"
            },
            "timeouts": null,
            "vpc_id": "vpc-05a596b408f602957"
          },
          "sensitive_attributes": [],
          "private": "eyJlMmJmYjczMC1lY2FhLTExZTYtOGY4OC0zNDM2M2JjN2M0YzAiOnsiY3JlYXRlIjo2MDAwMDAwMDAwMDAsImRlbGV0ZSI6MTIwMDAwMDAwMDAwMH0sInNjaGVtYV92ZXJzaW9uIjoiMSJ9",
          "dependencies": [
            "aws_vpc.princewill_proj_vpc"
          ]
        }
      ]
    },
    {
      "mode": "managed",
      "type": "aws_vpc",
      "name": "princewill_proj_vpc",
      "provider": "provider[\"registry.terraform.io/hashicorp/aws\"]",
      "instances": [
        {
          "schema_version": 1,
          "attributes": {
            "arn": "arn:aws:ec2:eu-north-1:456555753493:vpc/vpc-05a596b408f602957",
            "assign_generated_ipv6_cidr_block": false,
            "cidr_block": "10.0.0.0/16",
            "default_network_acl_id": "acl-0256ca9f1810d1ee3",
            "default_route_table_id": "rtb-0a5ff470a8acc92a8",
            "default_security_group_id": "sg-0a7d3a23e7e2af560",
            "dhcp_options_id": "dopt-0103f22f737d2b964",
            "enable_dns_hostnames": false,
            "enable_dns_support": true,
            "enable_network_address_usage_metrics": false,
            "id": "vpc-05a596b408f602957",
            "instance_tenancy": "default",
            "ipv4_ipam_pool_id": null,
            "ipv4_netmask_length": null,
            "ipv6_association_id": "",
            "ipv6_cidr_block": "",
            "ipv6_cidr_block_network_border_group": "",
            "ipv6_ipam_pool_id": "",
            "ipv6_netmask_length": 0,
            "main_route_table_id": "rtb-0a5ff470a8acc92a8",
            "owner_id": "456555753493",
            "tags": {
              "Name": "princewill_proj-vpc"
            },
            "tags_all": {
              "Name": "princewill_proj-vpc"
            }
          },
          "sensitive_attributes": [],
          "private": "eyJzY2hlbWFfdmVyc2lvbiI6IjEifQ=="
        }
      ]
    }
  ],
  "check_results": null
}
